// !$*UTF8*$!
{
	archiveVersion = 1;
	classes = {
	};
	objectVersion = 77;
	objects = {

/* Begin PBXBuildFile section */
		AA0000000000000000000005 /* SlipstreamKit in Frameworks */ = {isa = PBXBuildFile; productRef = AA0000000000000000000006 /* SlipstreamKit */; };
		BB0000000000000000000005 /* SlipstreamKit in Frameworks */ = {isa = PBXBuildFile; productRef = BB0000000000000000000006 /* SlipstreamKit */; };
		CC0000000000000000000005 /* SlipstreamKit in Frameworks */ = {isa = PBXBuildFile; productRef = CC0000000000000000000006 /* SlipstreamKit */; };
		DD0000000000000000000003 /* SwiftUINavigationTransitions in Frameworks */ = {isa = PBXBuildFile; productRef = DD0000000000000000000002 /* SwiftUINavigationTransitions */; };
		E295569A300948B9009F939C /* WidgetKit.framework in Frameworks */ = {isa = PBXBuildFile; fileRef = E2955699300948B9009F939C /* WidgetKit.framework */; };
		E295569C300948B9009F939C /* SwiftUI.framework in Frameworks */ = {isa = PBXBuildFile; fileRef = E295569B300948B9009F939C /* SwiftUI.framework */; };
		E29556A9300948BA009F939C /* SlipstreamWidgetsExtension.appex in Embed Foundation Extensions */ = {isa = PBXBuildFile; fileRef = E2955697300948B9009F939C /* SlipstreamWidgetsExtension.appex */; settings = {ATTRIBUTES = (RemoveHeadersOnCopy, ); }; };
		E2CAFE000000000000000001 /* SlipstreamShared in Frameworks */ = {isa = PBXBuildFile; productRef = E2CAFE000000000000000002 /* SlipstreamShared */; };
/* End PBXBuildFile section */

/* Begin PBXContainerItemProxy section */
		E29556A7300948BA009F939C /* PBXContainerItemProxy */ = {
			isa = PBXContainerItemProxy;
			containerPortal = AA000000000000000000000D /* Project object */;
			proxyType = 1;
			remoteGlobalIDString = E2955696300948B9009F939C;
			remoteInfo = SlipstreamWidgetsExtension;
		};
/* End PBXContainerItemProxy section */

/* Begin PBXCopyFilesBuildPhase section */
		E29556AA300948BA009F939C /* Embed Foundation Extensions */ = {
			isa = PBXCopyFilesBuildPhase;
			buildActionMask = 2147483647;
			dstPath = "";
			dstSubfolderSpec = 13;
			files = (
				E29556A9300948BA009F939C /* SlipstreamWidgetsExtension.appex in Embed Foundation Extensions */,
			);
			name = "Embed Foundation Extensions";
			runOnlyForDeploymentPostprocessing = 0;
		};
/* End PBXCopyFilesBuildPhase section */

/* Begin PBXFileReference section */
		AA0000000000000000000001 /* Slipstream.app */ = {isa = PBXFileReference; explicitFileType = wrapper.application; includeInIndex = 0; path = Slipstream.app; sourceTree = BUILT_PRODUCTS_DIR; };
		BB0000000000000000000001 /* Slipstream-iOS.app */ = {isa = PBXFileReference; explicitFileType = wrapper.application; includeInIndex = 0; path = "Slipstream-iOS.app"; sourceTree = BUILT_PRODUCTS_DIR; };
		CC0000000000000000000001 /* Slipstream-tvOS.app */ = {isa = PBXFileReference; explicitFileType = wrapper.application; includeInIndex = 0; path = "Slipstream-tvOS.app"; sourceTree = BUILT_PRODUCTS_DIR; };
		E2955697300948B9009F939C /* SlipstreamWidgetsExtension.appex */ = {isa = PBXFileReference; explicitFileType = "wrapper.app-extension"; includeInIndex = 0; path = SlipstreamWidgetsExtension.appex; sourceTree = BUILT_PRODUCTS_DIR; };
		E2955699300948B9009F939C /* WidgetKit.framework */ = {isa = PBXFileReference; lastKnownFileType = wrapper.framework; name = WidgetKit.framework; path = System/Library/Frameworks/WidgetKit.framework; sourceTree = SDKROOT; };
		E295569B300948B9009F939C /* SwiftUI.framework */ = {isa = PBXFileReference; lastKnownFileType = wrapper.framework; name = SwiftUI.framework; path = System/Library/Frameworks/SwiftUI.framework; sourceTree = SDKROOT; };
		E295577B30094CE5009F939C /* SlipstreamWidgetsExtension.entitlements */ = {isa = PBXFileReference; lastKnownFileType = text.plist.entitlements; path = SlipstreamWidgetsExtension.entitlements; sourceTree = "<group>"; };
/* End PBXFileReference section */

/* Begin PBXFileSystemSynchronizedBuildFileExceptionSet section */
		E29556AD300948BA009F939C /* Exceptions for "SlipstreamWidgets" folder in "SlipstreamWidgetsExtension" target */ = {
			isa = PBXFileSystemSynchronizedBuildFileExceptionSet;
			membershipExceptions = (
				Info.plist,
			);
			target = E2955696300948B9009F939C /* SlipstreamWidgetsExtension */;
		};
/* End PBXFileSystemSynchronizedBuildFileExceptionSet section */

/* Begin PBXFileSystemSynchronizedRootGroup section */
		AA0000000000000000000002 /* App */ = {
			isa = PBXFileSystemSynchronizedRootGroup;
			path = App;
			sourceTree = "<group>";
		};
		AA0000000000000000000003 /* Sources/SlipstreamClient */ = {
			isa = PBXFileSystemSynchronizedRootGroup;
			path = Sources/SlipstreamClient;
			sourceTree = "<group>";
		};
		E295569D300948B9009F939C /* SlipstreamWidgets */ = {
			isa = PBXFileSystemSynchronizedRootGroup;
			exceptions = (
				E29556AD300948BA009F939C /* Exceptions for "SlipstreamWidgets" folder in "SlipstreamWidgetsExtension" target */,
			);
			path = SlipstreamWidgets;
			sourceTree = "<group>";
		};
/* End PBXFileSystemSynchronizedRootGroup section */

/* Begin PBXFrameworksBuildPhase section */
		AA0000000000000000000004 /* Frameworks */ = {
			isa = PBXFrameworksBuildPhase;
			buildActionMask = 2147483647;
			files = (
				AA0000000000000000000005 /* SlipstreamKit in Frameworks */,
			);
			runOnlyForDeploymentPostprocessing = 0;
		};
		BB0000000000000000000004 /* Frameworks */ = {
			isa = PBXFrameworksBuildPhase;
			buildActionMask = 2147483647;
			files = (
				BB0000000000000000000005 /* SlipstreamKit in Frameworks */,
			);
			runOnlyForDeploymentPostprocessing = 0;
		};
		CC0000000000000000000004 /* Frameworks */ = {
			isa = PBXFrameworksBuildPhase;
			buildActionMask = 2147483647;
			files = (
				CC0000000000000000000005 /* SlipstreamKit in Frameworks */,
				DD0000000000000000000003 /* SwiftUINavigationTransitions in Frameworks */,
			);
			runOnlyForDeploymentPostprocessing = 0;
		};
		E2955694300948B9009F939C /* Frameworks */ = {
			isa = PBXFrameworksBuildPhase;
			buildActionMask = 2147483647;
			files = (
				E2CAFE000000000000000001 /* SlipstreamShared in Frameworks */,
				E295569C300948B9009F939C /* SwiftUI.framework in Frameworks */,
				E295569A300948B9009F939C /* WidgetKit.framework in Frameworks */,
			);
			runOnlyForDeploymentPostprocessing = 0;
		};
/* End PBXFrameworksBuildPhase section */

/* Begin PBXGroup section */
		AA0000000000000000000007 = {
			isa = PBXGroup;
			children = (
				E295577B30094CE5009F939C /* SlipstreamWidgetsExtension.entitlements */,
				AA0000000000000000000002 /* App */,
				AA0000000000000000000003 /* Sources/SlipstreamClient */,
				E295569D300948B9009F939C /* SlipstreamWidgets */,
				E2955698300948B9009F939C /* Frameworks */,
				AA0000000000000000000008 /* Products */,
			);
			sourceTree = "<group>";
		};
		AA0000000000000000000008 /* Products */ = {
			isa = PBXGroup;
			children = (
				AA0000000000000000000001 /* Slipstream.app */,
				BB0000000000000000000001 /* Slipstream-iOS.app */,
				CC0000000000000000000001 /* Slipstream-tvOS.app */,
				E2955697300948B9009F939C /* SlipstreamWidgetsExtension.appex */,
			);
			name = Products;
			sourceTree = "<group>";
		};
		E2955698300948B9009F939C /* Frameworks */ = {
			isa = PBXGroup;
			children = (
				E2955699300948B9009F939C /* WidgetKit.framework */,
				E295569B300948B9009F939C /* SwiftUI.framework */,
			);
			name = Frameworks;
			sourceTree = "<group>";
		};
/* End PBXGroup section */

/* Begin PBXNativeTarget section */
		AA0000000000000000000009 /* Slipstream */ = {
			isa = PBXNativeTarget;
			buildConfigurationList = AA000000000000000000000A /* Build configuration list for PBXNativeTarget "Slipstream" */;
			buildPhases = (
				AA000000000000000000000B /* Sources */,
				AA0000000000000000000004 /* Frameworks */,
				AA000000000000000000000C /* Resources */,
			);
			buildRules = (
			);
			dependencies = (
			);
			fileSystemSynchronizedGroups = (
				AA0000000000000000000002 /* App */,
				AA0000000000000000000003 /* Sources/SlipstreamClient */,
			);
			name = Slipstream;
			packageProductDependencies = (
				AA0000000000000000000006 /* SlipstreamKit */,
			);
			productName = Slipstream;
			productReference = AA0000000000000000000001 /* Slipstream.app */;
			productType = "com.apple.product-type.application";
		};
		BB0000000000000000000009 /* Slipstream-iOS */ = {
			isa = PBXNativeTarget;
			buildConfigurationList = BB000000000000000000000A /* Build configuration list for PBXNativeTarget "Slipstream-iOS" */;
			buildPhases = (
				BB000000000000000000000B /* Sources */,
				BB0000000000000000000004 /* Frameworks */,
				BB000000000000000000000C /* Resources */,
				E29556AA300948BA009F939C /* Embed Foundation Extensions */,
			);
			buildRules = (
			);
			dependencies = (
				E29556A8300948BA009F939C /* PBXTargetDependency */,
			);
			fileSystemSynchronizedGroups = (
				AA0000000000000000000002 /* App */,
				AA0000000000000000000003 /* Sources/SlipstreamClient */,
			);
			name = "Slipstream-iOS";
			packageProductDependencies = (
				BB0000000000000000000006 /* SlipstreamKit */,
			);
			productName = "Slipstream-iOS";
			productReference = BB0000000000000000000001 /* Slipstream-iOS.app */;
			productType = "com.apple.product-type.application";
		};
		CC0000000000000000000009 /* Slipstream-tvOS */ = {
			isa = PBXNativeTarget;
			buildConfigurationList = CC000000000000000000000A /* Build configuration list for PBXNativeTarget "Slipstream-tvOS" */;
			buildPhases = (
				CC000000000000000000000B /* Sources */,
				CC0000000000000000000004 /* Frameworks */,
				CC000000000000000000000C /* Resources */,
			);
			buildRules = (
			);
			dependencies = (
			);
			fileSystemSynchronizedGroups = (
				AA0000000000000000000002 /* App */,
				AA0000000000000000000003 /* Sources/SlipstreamClient */,
			);
			name = "Slipstream-tvOS";
			packageProductDependencies = (
				CC0000000000000000000006 /* SlipstreamKit */,
				DD0000000000000000000002 /* SwiftUINavigationTransitions */,
			);
			productName = "Slipstream-tvOS";
			productReference = CC0000000000000000000001 /* Slipstream-tvOS.app */;
			productType = "com.apple.product-type.application";
		};
		E2955696300948B9009F939C /* SlipstreamWidgetsExtension */ = {
			isa = PBXNativeTarget;
			buildConfigurationList = E29556AE300948BA009F939C /* Build configuration list for PBXNativeTarget "SlipstreamWidgetsExtension" */;
			buildPhases = (
				E2955693300948B9009F939C /* Sources */,
				E2955694300948B9009F939C /* Frameworks */,
				E2955695300948B9009F939C /* Resources */,
			);
			buildRules = (
			);
			dependencies = (
			);
			fileSystemSynchronizedGroups = (
				E295569D300948B9009F939C /* SlipstreamWidgets */,
			);
			name = SlipstreamWidgetsExtension;
			packageProductDependencies = (
				E2CAFE000000000000000002 /* SlipstreamShared */,
			);
			productName = SlipstreamWidgetsExtension;
			productReference = E2955697300948B9009F939C /* SlipstreamWidgetsExtension.appex */;
			productType = "com.apple.product-type.app-extension";
		};
/* End PBXNativeTarget section */

/* Begin PBXProject section */
		AA000000000000000000000D /* Project object */ = {
			isa = PBXProject;
			attributes = {
				BuildIndependentTargetsInParallel = 1;
				LastSwiftUpdateCheck = 2700;
				LastUpgradeCheck = 2700;
				TargetAttributes = {
					AA0000000000000000000009 = {
						CreatedOnToolsVersion = 26.0;
					};
					E2955696300948B9009F939C = {
						CreatedOnToolsVersion = 27.0;
					};
				};
			};
			buildConfigurationList = AA000000000000000000000E /* Build configuration list for PBXProject "Slipstream" */;
			developmentRegion = en;
			hasScannedForEncodings = 0;
			knownRegions = (
				en,
				Base,
			);
			mainGroup = AA0000000000000000000007;
			packageReferences = (
				AA000000000000000000000F /* XCLocalSwiftPackageReference "." */,
				DD0000000000000000000001 /* XCRemoteSwiftPackageReference "swiftui-navigation-transitions" */,
			);
			preferredProjectObjectVersion = 77;
			productRefGroup = AA0000000000000000000008 /* Products */;
			projectDirPath = "";
			projectRoot = "";
			targets = (
				AA0000000000000000000009 /* Slipstream */,
				BB0000000000000000000009 /* Slipstream-iOS */,
				CC0000000000000000000009 /* Slipstream-tvOS */,
				E2955696300948B9009F939C /* SlipstreamWidgetsExtension */,
			);
		};
/* End PBXProject section */

/* Begin PBXResourcesBuildPhase section */
		AA000000000000000000000C /* Resources */ = {
			isa = PBXResourcesBuildPhase;
			buildActionMask = 2147483647;
			files = (
			);
			runOnlyForDeploymentPostprocessing = 0;
		};
		BB000000000000000000000C /* Resources */ = {
			isa = PBXResourcesBuildPhase;
			buildActionMask = 2147483647;
			files = (
			);
			runOnlyForDeploymentPostprocessing = 0;
		};
		CC000000000000000000000C /* Resources */ = {
			isa = PBXResourcesBuildPhase;
			buildActionMask = 2147483647;
			files = (
			);
			runOnlyForDeploymentPostprocessing = 0;
		};
		E2955695300948B9009F939C /* Resources */ = {
			isa = PBXResourcesBuildPhase;
			buildActionMask = 2147483647;
			files = (
			);
			runOnlyForDeploymentPostprocessing = 0;
		};
/* End PBXResourcesBuildPhase section */

/* Begin PBXSourcesBuildPhase section */
		AA000000000000000000000B /* Sources */ = {
			isa = PBXSourcesBuildPhase;
			buildActionMask = 2147483647;
			files = (
			);
			runOnlyForDeploymentPostprocessing = 0;
		};
		BB000000000000000000000B /* Sources */ = {
			isa = PBXSourcesBuildPhase;
			buildActionMask = 2147483647;
			files = (
			);
			runOnlyForDeploymentPostprocessing = 0;
		};
		CC000000000000000000000B /* Sources */ = {
			isa = PBXSourcesBuildPhase;
			buildActionMask = 2147483647;
			files = (
			);
			runOnlyForDeploymentPostprocessing = 0;
		};
		E2955693300948B9009F939C /* Sources */ = {
			isa = PBXSourcesBuildPhase;
			buildActionMask = 2147483647;
			files = (
			);
			runOnlyForDeploymentPostprocessing = 0;
		};
/* End PBXSourcesBuildPhase section */

/* Begin PBXTargetDependency section */
		E29556A8300948BA009F939C /* PBXTargetDependency */ = {
			isa = PBXTargetDependency;
			target = E2955696300948B9009F939C /* SlipstreamWidgetsExtension */;
			targetProxy = E29556A7300948BA009F939C /* PBXContainerItemProxy */;
		};
/* End PBXTargetDependency section */

/* Begin XCBuildConfiguration section */
		AA0000000000000000000010 /* Debug */ = {
			isa = XCBuildConfiguration;
			buildSettings = {
				ALWAYS_SEARCH_USER_PATHS = NO;
				ASSETCATALOG_COMPILER_GENERATE_SWIFT_ASSET_SYMBOL_EXTENSIONS = YES;
				CLANG_ANALYZER_NONNULL = YES;
				CLANG_ENABLE_MODULES = YES;
				CLANG_ENABLE_OBJC_ARC = YES;
				CLANG_WARN_BLOCK_CAPTURE_AUTORELEASING = YES;
				CLANG_WARN_BOOL_CONVERSION = YES;
				CLANG_WARN_COMMA = YES;
				CLANG_WARN_CONSTANT_CONVERSION = YES;
				CLANG_WARN_DEPRECATED_OBJC_IMPLEMENTATIONS = YES;
				CLANG_WARN_EMPTY_BODY = YES;
				CLANG_WARN_ENUM_CONVERSION = YES;
				CLANG_WARN_INFINITE_RECURSION = YES;
				CLANG_WARN_INT_CONVERSION = YES;
				CLANG_WARN_NON_LITERAL_NULL_CONVERSION = YES;
				CLANG_WARN_OBJC_IMPLICIT_RETAIN_SELF = YES;
				CLANG_WARN_OBJC_LITERAL_CONVERSION = YES;
				CLANG_WARN_QUOTED_INCLUDE_IN_FRAMEWORK_HEADER = YES;
				CLANG_WARN_RANGE_LOOP_ANALYSIS = YES;
				CLANG_WARN_STRICT_PROTOTYPES = YES;
				CLANG_WARN_SUSPICIOUS_MOVE = YES;
				CLANG_WARN_UNREACHABLE_CODE = YES;
				CLANG_WARN__DUPLICATE_METHOD_MATCH = YES;
				COPY_PHASE_STRIP = NO;
				DEAD_CODE_STRIPPING = YES;
				DEBUG_INFORMATION_FORMAT = dwarf;
				DEVELOPMENT_TEAM = F4H37KF6WC;
				ENABLE_STRICT_OBJC_MSGSEND = YES;
				ENABLE_TESTABILITY = YES;
				ENABLE_USER_SCRIPT_SANDBOXING = YES;
				GCC_DYNAMIC_NO_PIC = NO;
				GCC_NO_COMMON_BLOCKS = YES;
				GCC_OPTIMIZATION_LEVEL = 0;
				GCC_PREPROCESSOR_DEFINITIONS = (
					"DEBUG=1",
					"$(inherited)",
				);
				GCC_WARN_64_TO_32_BIT_CONVERSION = YES;
				GCC_WARN_ABOUT_RETURN_TYPE = YES;
				GCC_WARN_UNDECLARED_SELECTOR = YES;
				GCC_WARN_UNINITIALIZED_AUTOS = YES;
				GCC_WARN_UNUSED_FUNCTION = YES;
				GCC_WARN_UNUSED_VARIABLE = YES;
				MACOSX_DEPLOYMENT_TARGET = 14.0;
				MTL_ENABLE_DEBUG_INFO = INCLUDE_SOURCE;
				MTL_FAST_MATH = YES;
				ONLY_ACTIVE_ARCH = YES;
				SDKROOT = macosx;
				STRING_CATALOG_GENERATE_SYMBOLS = YES;
				SWIFT_ACTIVE_COMPILATION_CONDITIONS = "DEBUG $(inherited)";
				SWIFT_OPTIMIZATION_LEVEL = "-Onone";
			};
			name = Debug;
		};
		AA0000000000000000000011 /* Release */ = {
			isa = XCBuildConfiguration;
			buildSettings = {
				ALWAYS_SEARCH_USER_PATHS = NO;
				ASSETCATALOG_COMPILER_GENERATE_SWIFT_ASSET_SYMBOL_EXTENSIONS = YES;
				CLANG_ANALYZER_NONNULL = YES;
				CLANG_ENABLE_MODULES = YES;
				CLANG_ENABLE_OBJC_ARC = YES;
				CLANG_WARN_BLOCK_CAPTURE_AUTORELEASING = YES;
				CLANG_WARN_BOOL_CONVERSION = YES;
				CLANG_WARN_COMMA = YES;
				CLANG_WARN_CONSTANT_CONVERSION = YES;
				CLANG_WARN_DEPRECATED_OBJC_IMPLEMENTATIONS = YES;
				CLANG_WARN_EMPTY_BODY = YES;
				CLANG_WARN_ENUM_CONVERSION = YES;
				CLANG_WARN_INFINITE_RECURSION = YES;
				CLANG_WARN_INT_CONVERSION = YES;
				CLANG_WARN_NON_LITERAL_NULL_CONVERSION = YES;
				CLANG_WARN_OBJC_IMPLICIT_RETAIN_SELF = YES;
				CLANG_WARN_OBJC_LITERAL_CONVERSION = YES;
				CLANG_WARN_QUOTED_INCLUDE_IN_FRAMEWORK_HEADER = YES;
				CLANG_WARN_RANGE_LOOP_ANALYSIS = YES;
				CLANG_WARN_STRICT_PROTOTYPES = YES;
				CLANG_WARN_SUSPICIOUS_MOVE = YES;
				CLANG_WARN_UNREACHABLE_CODE = YES;
				CLANG_WARN__DUPLICATE_METHOD_MATCH = YES;
				COPY_PHASE_STRIP = NO;
				DEAD_CODE_STRIPPING = YES;
				DEBUG_INFORMATION_FORMAT = "dwarf-with-dsym";
				DEVELOPMENT_TEAM = F4H37KF6WC;
				ENABLE_NS_ASSERTIONS = NO;
				ENABLE_STRICT_OBJC_MSGSEND = YES;
				ENABLE_USER_SCRIPT_SANDBOXING = YES;
				GCC_NO_COMMON_BLOCKS = YES;
				GCC_WARN_64_TO_32_BIT_CONVERSION = YES;
				GCC_WARN_ABOUT_RETURN_TYPE = YES;
				GCC_WARN_UNDECLARED_SELECTOR = YES;
				GCC_WARN_UNINITIALIZED_AUTOS = YES;
				GCC_WARN_UNUSED_FUNCTION = YES;
				GCC_WARN_UNUSED_VARIABLE = YES;
				MACOSX_DEPLOYMENT_TARGET = 14.0;
				MTL_ENABLE_DEBUG_INFO = NO;
				MTL_FAST_MATH = YES;
				SDKROOT = macosx;
				STRING_CATALOG_GENERATE_SYMBOLS = YES;
				SWIFT_COMPILATION_MODE = wholemodule;
				SWIFT_OPTIMIZATION_LEVEL = "-O";
			};
			name = Release;
		};
		AA0000000000000000000012 /* Debug */ = {
			isa = XCBuildConfiguration;
			buildSettings = {
				ASSETCATALOG_COMPILER_APPICON_NAME = slipstream_Logo;
				ASSETCATALOG_COMPILER_GLOBAL_ACCENT_COLOR_NAME = AccentColor;
				CODE_SIGN_ENTITLEMENTS = "Config/Slipstream-macOS.entitlements";
				CODE_SIGN_IDENTITY = "Apple Development";
				CODE_SIGN_STYLE = Automatic;
				COMBINE_HIDPI_IMAGES = YES;
				CURRENT_PROJECT_VERSION = 1;
				DEAD_CODE_STRIPPING = YES;
				ENABLE_HARDENED_RUNTIME = YES;
				GENERATE_INFOPLIST_FILE = YES;
				INFOPLIST_FILE = Config/Info.plist;
				INFOPLIST_KEY_CFBundleDisplayName = Slipstream;
				INFOPLIST_KEY_GCSupportsControllerUserInteraction = YES;
				INFOPLIST_KEY_GCSupportsGameMode = YES;
				INFOPLIST_KEY_LSApplicationCategoryType = "public.app-category.games";
				INFOPLIST_KEY_NSHumanReadableCopyright = "";
				INFOPLIST_KEY_NSLocalNetworkUsageDescription = "Slipstream connects directly to your slipstream host on the local network to stream video, audio, and input.";
				INFOPLIST_KEY_NSMicrophoneUsageDescription = "Your microphone is streamed to the connected slipstream host, where it appears as a virtual microphone.";
				INFOPLIST_KEY_NSPrincipalClass = NSApplication;
				LD_RUNPATH_SEARCH_PATHS = (
					"$(inherited)",
					"@executable_path/../Frameworks",
				);
				MARKETING_VERSION = 0.9.1;
				PRODUCT_BUNDLE_IDENTIFIER = io.slipstream;
				PRODUCT_NAME = "$(TARGET_NAME)";
				REGISTER_APP_GROUPS = YES;
				SUPPORTED_PLATFORMS = macosx;
				SUPPORTS_MACCATALYST = NO;
				SWIFT_EMIT_LOC_STRINGS = YES;
				SWIFT_VERSION = 5.0;
			};
			name = Debug;
		};
		AA0000000000000000000013 /* Release */ = {
			isa = XCBuildConfiguration;
			buildSettings = {
				ASSETCATALOG_COMPILER_APPICON_NAME = slipstream_Logo;
				ASSETCATALOG_COMPILER_GLOBAL_ACCENT_COLOR_NAME = AccentColor;
				CODE_SIGN_ENTITLEMENTS = "Config/Slipstream-macOS.entitlements";
				CODE_SIGN_IDENTITY = "Apple Development";
				CODE_SIGN_STYLE = Automatic;
				COMBINE_HIDPI_IMAGES = YES;
				CURRENT_PROJECT_VERSION = 1;
				DEAD_CODE_STRIPPING = YES;
				ENABLE_HARDENED_RUNTIME = YES;
				GENERATE_INFOPLIST_FILE = YES;
				INFOPLIST_FILE = Config/Info.plist;
				INFOPLIST_KEY_CFBundleDisplayName = Slipstream;
				INFOPLIST_KEY_GCSupportsControllerUserInteraction = YES;
				INFOPLIST_KEY_GCSupportsGameMode = YES;
				INFOPLIST_KEY_LSApplicationCategoryType = "public.app-category.games";
				INFOPLIST_KEY_NSHumanReadableCopyright = "";
				INFOPLIST_KEY_NSLocalNetworkUsageDescription = "Slipstream connects directly to your slipstream host on the local network to stream video, audio, and input.";
				INFOPLIST_KEY_NSMicrophoneUsageDescription = "Your microphone is streamed to the connected slipstream host, where it appears as a virtual microphone.";
				INFOPLIST_KEY_NSPrincipalClass = NSApplication;
				LD_RUNPATH_SEARCH_PATHS = (
					"$(inherited)",
					"@executable_path/../Frameworks",
				);
				MARKETING_VERSION = 0.9.1;
				PRODUCT_BUNDLE_IDENTIFIER = io.slipstream;
				PRODUCT_NAME = "$(TARGET_NAME)";
				REGISTER_APP_GROUPS = YES;
				SUPPORTED_PLATFORMS = macosx;
				SUPPORTS_MACCATALYST = NO;
				SWIFT_EMIT_LOC_STRINGS = YES;
				SWIFT_VERSION = 5.0;
			};
			name = Release;
		};
		BB0000000000000000000012 /* Debug */ = {
			isa = XCBuildConfiguration;
			buildSettings = {
				ASSETCATALOG_COMPILER_APPICON_NAME = slipstream_Logo;
				ASSETCATALOG_COMPILER_GLOBAL_ACCENT_COLOR_NAME = AccentColor;
				CODE_SIGN_ENTITLEMENTS = Config/Slipstream.entitlements;
				CODE_SIGN_STYLE = Automatic;
				CURRENT_PROJECT_VERSION = 1;
				DEVELOPMENT_TEAM = F4H37KF6WC;
				GENERATE_INFOPLIST_FILE = YES;
				INFOPLIST_FILE = Config/Info.plist;
				INFOPLIST_KEY_CFBundleDisplayName = Slipstream;
				INFOPLIST_KEY_GCSupportsControllerUserInteraction = YES;
				INFOPLIST_KEY_GCSupportsGameMode = YES;
				INFOPLIST_KEY_LSApplicationCategoryType = "public.app-category.games";
				INFOPLIST_KEY_NSLocalNetworkUsageDescription = "Slipstream connects directly to your slipstream host on the local network to stream video, audio, and input.";
				INFOPLIST_KEY_NSMicrophoneUsageDescription = "Your microphone is streamed to the connected slipstream host, where it appears as a virtual microphone.";
				INFOPLIST_KEY_UIApplicationSceneManifest_Generation = YES;
				INFOPLIST_KEY_UIApplicationSupportsIndirectInputEvents = YES;
				INFOPLIST_KEY_UILaunchScreen_Generation = YES;
				INFOPLIST_KEY_UISupportedInterfaceOrientations_iPad = "UIInterfaceOrientationPortrait UIInterfaceOrientationPortraitUpsideDown UIInterfaceOrientationLandscapeLeft UIInterfaceOrientationLandscapeRight";
				INFOPLIST_KEY_UISupportedInterfaceOrientations_iPhone = "UIInterfaceOrientationPortrait UIInterfaceOrientationLandscapeLeft UIInterfaceOrientationLandscapeRight";
				IPHONEOS_DEPLOYMENT_TARGET = 17.0;
				LD_RUNPATH_SEARCH_PATHS = (
					"$(inherited)",
					"@executable_path/Frameworks",
				);
				MARKETING_VERSION = 0.9.1;
				PRODUCT_BUNDLE_IDENTIFIER = io.slipstream;
				PRODUCT_NAME = "$(TARGET_NAME)";
				SDKROOT = iphoneos;
				SUPPORTED_PLATFORMS = "iphoneos iphonesimulator";
				SUPPORTS_MACCATALYST = NO;
				SUPPORTS_MAC_DESIGNED_FOR_IPHONE_IPAD = NO;
				SUPPORTS_XR_DESIGNED_FOR_IPHONE_IPAD = NO;
				SWIFT_EMIT_LOC_STRINGS = YES;
				SWIFT_VERSION = 5.0;
				TARGETED_DEVICE_FAMILY = "1,2";
			};
			name = Debug;
		};
		BB0000000000000000000013 /* Release */ = {
			isa = XCBuildConfiguration;
			buildSettings = {
				ASSETCATALOG_COMPILER_APPICON_NAME = slipstream_Logo;
				ASSETCATALOG_COMPILER_GLOBAL_ACCENT_COLOR_NAME = AccentColor;
				CODE_SIGN_ENTITLEMENTS = Config/Slipstream.entitlements;
				CODE_SIGN_STYLE = Automatic;
				CURRENT_PROJECT_VERSION = 1;
				DEVELOPMENT_TEAM = F4H37KF6WC;
				GENERATE_INFOPLIST_FILE = YES;
				INFOPLIST_FILE = Config/Info.plist;
				INFOPLIST_KEY_CFBundleDisplayName = Slipstream;
				INFOPLIST_KEY_GCSupportsControllerUserInteraction = YES;
				INFOPLIST_KEY_GCSupportsGameMode = YES;
				INFOPLIST_KEY_LSApplicationCategoryType = "public.app-category.games";
				INFOPLIST_KEY_NSLocalNetworkUsageDescription = "Slipstream connects directly to your slipstream host on the local network to stream video, audio, and input.";
				INFOPLIST_KEY_NSMicrophoneUsageDescription = "Your microphone is streamed to the connected slipstream host, where it appears as a virtual microphone.";
				INFOPLIST_KEY_UIApplicationSceneManifest_Generation = YES;
				INFOPLIST_KEY_UIApplicationSupportsIndirectInputEvents = YES;
				INFOPLIST_KEY_UILaunchScreen_Generation = YES;
				INFOPLIST_KEY_UISupportedInterfaceOrientations_iPad = "UIInterfaceOrientationPortrait UIInterfaceOrientationPortraitUpsideDown UIInterfaceOrientationLandscapeLeft UIInterfaceOrientationLandscapeRight";
				INFOPLIST_KEY_UISupportedInterfaceOrientations_iPhone = "UIInterfaceOrientationPortrait UIInterfaceOrientationLandscapeLeft UIInterfaceOrientationLandscapeRight";
				IPHONEOS_DEPLOYMENT_TARGET = 17.0;
				LD_RUNPATH_SEARCH_PATHS = (
					"$(inherited)",
					"@executable_path/Frameworks",
				);
				MARKETING_VERSION = 0.9.1;
				PRODUCT_BUNDLE_IDENTIFIER = io.slipstream;
				PRODUCT_NAME = "$(TARGET_NAME)";
				SDKROOT = iphoneos;
				SUPPORTED_PLATFORMS = "iphoneos iphonesimulator";
				SUPPORTS_MACCATALYST = NO;
				SUPPORTS_MAC_DESIGNED_FOR_IPHONE_IPAD = NO;
				SUPPORTS_XR_DESIGNED_FOR_IPHONE_IPAD = NO;
				SWIFT_EMIT_LOC_STRINGS = YES;
				SWIFT_VERSION = 5.0;
				TARGETED_DEVICE_FAMILY = "1,2";
			};
			name = Release;
		};
		CC0000000000000000000012 /* Debug */ = {
			isa = XCBuildConfiguration;
			buildSettings = {
				ASSETCATALOG_COMPILER_APPICON_NAME = "App Icon & Top Shelf Image";
				CODE_SIGN_ENTITLEMENTS = Config/Slipstream.entitlements;
				CODE_SIGN_STYLE = Automatic;
				CURRENT_PROJECT_VERSION = 1;
				DEVELOPMENT_TEAM = F4H37KF6WC;
				GENERATE_INFOPLIST_FILE = YES;
				INFOPLIST_FILE = Config/Info.plist;
				INFOPLIST_KEY_CFBundleDisplayName = Slipstream;
				INFOPLIST_KEY_LSApplicationCategoryType = "public.app-category.games";
				INFOPLIST_KEY_NSLocalNetworkUsageDescription = "Slipstream connects directly to your slipstream host on the local network to stream video, audio, and input.";
				INFOPLIST_KEY_UIApplicationSceneManifest_Generation = YES;
				LD_RUNPATH_SEARCH_PATHS = (
					"$(inherited)",
					"@executable_path/Frameworks",
				);
				MARKETING_VERSION = 0.9.1;
				PRODUCT_BUNDLE_IDENTIFIER = io.slipstream;
				PRODUCT_NAME = "$(TARGET_NAME)";
				SDKROOT = appletvos;
				SUPPORTED_PLATFORMS = "appletvos appletvsimulator";
				SWIFT_EMIT_LOC_STRINGS = YES;
				SWIFT_VERSION = 5.0;
				TARGETED_DEVICE_FAMILY = 3;
				TVOS_DEPLOYMENT_TARGET = 17.0;
			};
			name = Debug;
		};
		CC0000000000000000000013 /* Release */ = {
			isa = XCBuildConfiguration;
			buildSettings = {
				ASSETCATALOG_COMPILER_APPICON_NAME = "App Icon & Top Shelf Image";
				CODE_SIGN_ENTITLEMENTS = Config/Slipstream.entitlements;
				CODE_SIGN_STYLE = Automatic;
				CURRENT_PROJECT_VERSION = 1;
				DEVELOPMENT_TEAM = F4H37KF6WC;
				GENERATE_INFOPLIST_FILE = YES;
				INFOPLIST_FILE = Config/Info.plist;
				INFOPLIST_KEY_CFBundleDisplayName = Slipstream;
				INFOPLIST_KEY_LSApplicationCategoryType = "public.app-category.games";
				INFOPLIST_KEY_NSLocalNetworkUsageDescription = "Slipstream connects directly to your slipstream host on the local network to stream video, audio, and input.";
				INFOPLIST_KEY_UIApplicationSceneManifest_Generation = YES;
				LD_RUNPATH_SEARCH_PATHS = (
					"$(inherited)",
					"@executable_path/Frameworks",
				);
				MARKETING_VERSION = 0.9.1;
				PRODUCT_BUNDLE_IDENTIFIER = io.slipstream;
				PRODUCT_NAME = "$(TARGET_NAME)";
				SDKROOT = appletvos;
				SUPPORTED_PLATFORMS = "appletvos appletvsimulator";
				SWIFT_EMIT_LOC_STRINGS = YES;
				SWIFT_VERSION = 5.0;
				TARGETED_DEVICE_FAMILY = 3;
				TVOS_DEPLOYMENT_TARGET = 17.0;
			};
			name = Release;
		};
		E29556AB300948BA009F939C /* Debug */ = {
			isa = XCBuildConfiguration;
			buildSettings = {
				ASSETCATALOG_COMPILER_GLOBAL_ACCENT_COLOR_NAME = AccentColor;
				ASSETCATALOG_COMPILER_WIDGET_BACKGROUND_COLOR_NAME = WidgetBackground;
				CLANG_ANALYZER_NUMBER_OBJECT_CONVERSION = YES_AGGRESSIVE;
				CLANG_CXX_LANGUAGE_STANDARD = "gnu++20";
				CLANG_ENABLE_OBJC_WEAK = YES;
				CLANG_WARN_DIRECT_OBJC_ISA_USAGE = YES_ERROR;
				CLANG_WARN_DOCUMENTATION_COMMENTS = YES;
				CLANG_WARN_OBJC_ROOT_CLASS = YES_ERROR;
				CLANG_WARN_UNGUARDED_AVAILABILITY = YES_AGGRESSIVE;
				CODE_SIGN_ENTITLEMENTS = SlipstreamWidgetsExtension.entitlements;
				CODE_SIGN_STYLE = Automatic;
				CURRENT_PROJECT_VERSION = 1;
				DEVELOPMENT_TEAM = F4H37KF6WC;
				GCC_C_LANGUAGE_STANDARD = gnu17;
				GCC_WARN_ABOUT_RETURN_TYPE = YES_ERROR;
				GCC_WARN_UNINITIALIZED_AUTOS = YES_AGGRESSIVE;
				GENERATE_INFOPLIST_FILE = YES;
				INFOPLIST_FILE = SlipstreamWidgets/Info.plist;
				INFOPLIST_KEY_CFBundleDisplayName = SlipstreamWidgets;
				INFOPLIST_KEY_NSHumanReadableCopyright = "";
				IPHONEOS_DEPLOYMENT_TARGET = 17.0;
				LD_RUNPATH_SEARCH_PATHS = (
					"$(inherited)",
					"@executable_path/Frameworks",
					"@executable_path/../../Frameworks",
				);
				LOCALIZATION_PREFERS_STRING_CATALOGS = YES;
				MARKETING_VERSION = 0.9.1;
				PRODUCT_BUNDLE_IDENTIFIER = io.slipstream.widgets;
				PRODUCT_NAME = "$(TARGET_NAME)";
				REGISTER_APP_GROUPS = YES;
				SDKROOT = iphoneos;
				SKIP_INSTALL = YES;
				STRING_CATALOG_GENERATE_SYMBOLS = YES;
				SWIFT_APPROACHABLE_CONCURRENCY = YES;
				SWIFT_EMIT_LOC_STRINGS = YES;
				SWIFT_UPCOMING_FEATURE_MEMBER_IMPORT_VISIBILITY = YES;
				SWIFT_VERSION = 5.0;
				TARGETED_DEVICE_FAMILY = "1,2";
			};
			name = Debug;
		};
		E29556AC300948BA009F939C /* Release */ = {
			isa = XCBuildConfiguration;
			buildSettings = {
				ASSETCATALOG_COMPILER_GLOBAL_ACCENT_COLOR_NAME = AccentColor;
				ASSETCATALOG_COMPILER_WIDGET_BACKGROUND_COLOR_NAME = WidgetBackground;
				CLANG_ANALYZER_NUMBER_OBJECT_CONVERSION = YES_AGGRESSIVE;
				CLANG_CXX_LANGUAGE_STANDARD = "gnu++20";
				CLANG_ENABLE_OBJC_WEAK = YES;
				CLANG_WARN_DIRECT_OBJC_ISA_USAGE = YES_ERROR;
				CLANG_WARN_DOCUMENTATION_COMMENTS = YES;
				CLANG_WARN_OBJC_ROOT_CLASS = YES_ERROR;
				CLANG_WARN_UNGUARDED_AVAILABILITY = YES_AGGRESSIVE;
				CODE_SIGN_ENTITLEMENTS = SlipstreamWidgetsExtension.entitlements;
				CODE_SIGN_STYLE = Automatic;
				CURRENT_PROJECT_VERSION = 1;
				DEVELOPMENT_TEAM = F4H37KF6WC;
				GCC_C_LANGUAGE_STANDARD = gnu17;
				GCC_WARN_ABOUT_RETURN_TYPE = YES_ERROR;
				GCC_WARN_UNINITIALIZED_AUTOS = YES_AGGRESSIVE;
				GENERATE_INFOPLIST_FILE = YES;
				INFOPLIST_FILE = SlipstreamWidgets/Info.plist;
				INFOPLIST_KEY_CFBundleDisplayName = SlipstreamWidgets;
				INFOPLIST_KEY_NSHumanReadableCopyright = "";
				IPHONEOS_DEPLOYMENT_TARGET = 17.0;
				LD_RUNPATH_SEARCH_PATHS = (
					"$(inherited)",
					"@executable_path/Frameworks",
					"@executable_path/../../Frameworks",
				);
				LOCALIZATION_PREFERS_STRING_CATALOGS = YES;
				MARKETING_VERSION = 0.9.1;
				PRODUCT_BUNDLE_IDENTIFIER = io.slipstream.widgets;
				PRODUCT_NAME = "$(TARGET_NAME)";
				REGISTER_APP_GROUPS = YES;
				SDKROOT = iphoneos;
				SKIP_INSTALL = YES;
				STRING_CATALOG_GENERATE_SYMBOLS = YES;
				SWIFT_APPROACHABLE_CONCURRENCY = YES;
				SWIFT_EMIT_LOC_STRINGS = YES;
				SWIFT_UPCOMING_FEATURE_MEMBER_IMPORT_VISIBILITY = YES;
				SWIFT_VERSION = 5.0;
				TARGETED_DEVICE_FAMILY = "1,2";
				VALIDATE_PRODUCT = YES;
			};
			name = Release;
		};
/* End XCBuildConfiguration section */

/* Begin XCConfigurationList section */
		AA000000000000000000000A /* Build configuration list for PBXNativeTarget "Slipstream" */ = {
			isa = XCConfigurationList;
			buildConfigurations = (
				AA0000000000000000000012 /* Debug */,
				AA0000000000000000000013 /* Release */,
			);
			defaultConfigurationIsVisible = 0;
			defaultConfigurationName = Release;
		};
		AA000000000000000000000E /* Build configuration list for PBXProject "Slipstream" */ = {
			isa = XCConfigurationList;
			buildConfigurations = (
				AA0000000000000000000010 /* Debug */,
				AA0000000000000000000011 /* Release */,
			);
			defaultConfigurationIsVisible = 0;
			defaultConfigurationName = Release;
		};
		BB000000000000000000000A /* Build configuration list for PBXNativeTarget "Slipstream-iOS" */ = {
			isa = XCConfigurationList;
			buildConfigurations = (
				BB0000000000000000000012 /* Debug */,
				BB0000000000000000000013 /* Release */,
			);
			defaultConfigurationIsVisible = 0;
			defaultConfigurationName = Release;
		};
		CC000000000000000000000A /* Build configuration list for PBXNativeTarget "Slipstream-tvOS" */ = {
			isa = XCConfigurationList;
			buildConfigurations = (
				CC0000000000000000000012 /* Debug */,
				CC0000000000000000000013 /* Release */,
			);
			defaultConfigurationIsVisible = 0;
			defaultConfigurationName = Release;
		};
		E29556AE300948BA009F939C /* Build configuration list for PBXNativeTarget "SlipstreamWidgetsExtension" */ = {
			isa = XCConfigurationList;
			buildConfigurations = (
				E29556AB300948BA009F939C /* Debug */,
				E29556AC300948BA009F939C /* Release */,
			);
			defaultConfigurationIsVisible = 0;
			defaultConfigurationName = Release;
		};
/* End XCConfigurationList section */

/* Begin XCLocalSwiftPackageReference section */
		AA000000000000000000000F /* XCLocalSwiftPackageReference "." */ = {
			isa = XCLocalSwiftPackageReference;
			relativePath = .;
		};
/* End XCLocalSwiftPackageReference section */

/* Begin XCRemoteSwiftPackageReference section */
		DD0000000000000000000001 /* XCRemoteSwiftPackageReference "swiftui-navigation-transitions" */ = {
			isa = XCRemoteSwiftPackageReference;
			repositoryURL = "https://github.com/davdroman/swiftui-navigation-transitions";
			requirement = {
				kind = upToNextMajorVersion;
				minimumVersion = 0.18.0;
			};
		};
/* End XCRemoteSwiftPackageReference section */

/* Begin XCSwiftPackageProductDependency section */
		AA0000000000000000000006 /* SlipstreamKit */ = {
			isa = XCSwiftPackageProductDependency;
			productName = SlipstreamKit;
		};
		BB0000000000000000000006 /* SlipstreamKit */ = {
			isa = XCSwiftPackageProductDependency;
			productName = SlipstreamKit;
		};
		CC0000000000000000000006 /* SlipstreamKit */ = {
			isa = XCSwiftPackageProductDependency;
			productName = SlipstreamKit;
		};
		DD0000000000000000000002 /* SwiftUINavigationTransitions */ = {
			isa = XCSwiftPackageProductDependency;
			package = DD0000000000000000000001 /* XCRemoteSwiftPackageReference "swiftui-navigation-transitions" */;
			productName = SwiftUINavigationTransitions;
		};
		E2CAFE000000000000000002 /* SlipstreamShared */ = {
			isa = XCSwiftPackageProductDependency;
			productName = SlipstreamShared;
		};
/* End XCSwiftPackageProductDependency section */
	};
	rootObject = AA000000000000000000000D /* Project object */;
}
